
Microsoft Visual Studio Solution File, Format Version 12.00
# Visual Studio 15
VisualStudioVersion = 15.0.27428.2015
MinimumVisualStudioVersion = 10.0.40219.1
Project("{FAE04EC0-301F-11D3-BF4B-00C04F79EFBC}") = "GroupDataTest", "GroupDataTest\GroupDataTest.csproj", "{D5FCEE7E-E7F0-4CC7-8FFB-4B1EEDB5351B}"
EndProject
Global
	GlobalSection(SolutionConfigurationPlatforms) = preSolution
		Debug|Any CPU = Debug|Any CPU
		Release|Any CPU = Release|Any CPU
	EndGlobalSection
	GlobalSection(ProjectConfigurationPlatforms) = postSolution
		{D5FCEE7E-E7F0-4CC7-8FFB-4B1EEDB5351B}.Debug|Any CPU.ActiveCfg = Debug|Any CPU
		{D5FCEE7E-E7F0-4CC7-8FFB-4B1EEDB5351B}.Debug|Any CPU.Build.0 = Debug|Any CPU
		{D5FCEE7E-E7F0-4CC7-8FFB-4B1EEDB5351B}.Release|Any CPU.ActiveCfg = Release|Any CPU
		{D5FCEE7E-E7F0-4CC7-8FFB-4B1EEDB5351B}.Release|Any CPU.Build.0 = Release|Any CPU
	EndGlobalSection
	GlobalSection(SolutionProperties) = preSolution
		HideSolutionNode = FALSE
	EndGlobalSection
	GlobalSection(ExtensibilityGlobals) = postSolution
		SolutionGuid = {525B346C-AE0A-4A26-A08B-1EB1F0E139AA}
	EndGlobalSection
EndGlobal
